<?xml version="1.0" encoding="utf-8"?>
<Project ToolsVersion="4.0" xmlns="http://schemas.microsoft.com/developer/msbuild/2003">
  <ItemGroup>
    <Filter Include="App">
      <UniqueIdentifier>{fb2ef218-b1d6-4874-9484-b61b0c85640c}</UniqueIdentifier>
    </Filter>
    <Filter Include="GameEngine">
      <UniqueIdentifier>{6c224115-c0f9-471f-b4bf-572145d02dbe}</UniqueIdentifier>
    </Filter>
    <Filter Include="GameEngine\WindowingSystem">
      <UniqueIdentifier>{4a376c69-95dc-4260-aa1b-07dd16dc1838}</UniqueIdentifier>
    </Filter>
    <Filter Include="GameEngine\GraphicsEngine">
      <UniqueIdentifier>{870d5b71-dedd-4969-aa1d-0af4de429eeb}</UniqueIdentifier>
    </Filter>
    <Filter Include="GameEngine\InputSystem">
      <UniqueIdentifier>{be976733-97d6-4ca1-99df-a98516883a39}</UniqueIdentifier>
    </Filter>
    <Filter Include="GameEngine\Math">
      <UniqueIdentifier>{e8931b24-fd44-405d-8c07-cdbbbfb29b97}</UniqueIdentifier>
    </Filter>
    <Filter Include="GameEngine\GraphicsEngine\RenderSystem">
      <UniqueIdentifier>{e5cb9a8f-46b6-4799-8dfc-97e900ed19fc}</UniqueIdentifier>
    </Filter>
    <Filter Include="GameEngine\GraphicsEngine\RenderSystem\DeviceContext">
      <UniqueIdentifier>{ec17a2c8-0aa9-4c21-9802-6a5c5e020a33}</UniqueIdentifier>
    </Filter>
    <Filter Include="GameEngine\GraphicsEngine\RenderSystem\IndexBuffer">
      <UniqueIdentifier>{edaa7283-decc-4468-bd36-2d1fc73b22b3}</UniqueIdentifier>
    </Filter>
    <Filter Include="GameEngine\GraphicsEngine\RenderSystem\PixelShader">
      <UniqueIdentifier>{790bbe0c-d89c-45fc-b58f-677f88edb361}</UniqueIdentifier>
    </Filter>
    <Filter Include="GameEngine\GraphicsEngine\RenderSystem\SwapChain">
      <UniqueIdentifier>{e20ab50c-47d5-495e-8263-61af1ad5bdc0}</UniqueIdentifier>
    </Filter>
    <Filter Include="GameEngine\GraphicsEngine\RenderSystem\VertexBuffer">
      <UniqueIdentifier>{c253f760-f28c-4495-bbed-9ac925a85d12}</UniqueIdentifier>
    </Filter>
    <Filter Include="GameEngine\GraphicsEngine\RenderSystem\VertexShader">
      <UniqueIdentifier>{ec7989e5-7d9f-4c1a-915e-413f2300e642}</UniqueIdentifier>
    </Filter>
    <Filter Include="GameEngine\GraphicsEngine\RenderSystem\ConstantBuffer">
      <UniqueIdentifier>{82d10ccc-daef-4857-ad79-e28e94b85f27}</UniqueIdentifier>
    </Filter>
    <Filter Include="GameEngine\GraphicsEngine\ResourceManager">
      <UniqueIdentifier>{3c7ebc2c-c428-4480-8379-02965c23183c}</UniqueIdentifier>
    </Filter>
    <Filter Include="GameEngine\GraphicsEngine\ResourceManager\TextureManager">
      <UniqueIdentifier>{17827885-9f8d-4e44-ae2b-669cc68fd570}</UniqueIdentifier>
    </Filter>
    <Filter Include="GameEngine\GraphicsEngine\ResourceManager\MeshManager">
      <UniqueIdentifier>{af4adffb-c7fc-40a4-a2d9-e03e65ace3e0}</UniqueIdentifier>
    </Filter>
    <Filter Include="GameEngine\GraphicsEngine\Material">
      <UniqueIdentifier>{f5c4de5f-f59f-41a1-914f-d5d1a35f9c1e}</UniqueIdentifier>
    </Filter>
    <Filter Include="App\OldDemo">
      <UniqueIdentifier>{5106d019-67d8-40a0-96db-0d3746c5d2a6}</UniqueIdentifier>
    </Filter>
    <Filter Include="App\OldDemo\Shaders">
      <UniqueIdentifier>{31f6ad66-ce09-4865-9450-4edcd11d14d5}</UniqueIdentifier>
    </Filter>
    <Filter Include="App\OldDemo\Shaders\EarthShader">
      <UniqueIdentifier>{1455e1fc-2fee-420b-9b13-c779f1efea6a}</UniqueIdentifier>
    </Filter>
    <Filter Include="App\SpaceShooterGame">
      <UniqueIdentifier>{bf9bbccb-4812-4604-a65c-b8aac7674ba8}</UniqueIdentifier>
    </Filter>
    <Filter Include="App\GlobalShaders">
      <UniqueIdentifier>{dc6a1a7e-0cf3-4f62-9e2f-7aa768784ca6}</UniqueIdentifier>
    </Filter>
    <Filter Include="App\GlobalShaders\SkyBox">
      <UniqueIdentifier>{cd1e6d3c-d779-47cb-8e2c-3d40f30afd5d}</UniqueIdentifier>
    </Filter>
    <Filter Include="App\GlobalShaders\DirectionalLight">
      <UniqueIdentifier>{c5a59b24-1c26-4eb7-9613-462e67615c3b}</UniqueIdentifier>
    </Filter>
    <Filter Include="App\GlobalShaders\PointLight">
      <UniqueIdentifier>{cb405691-62c9-45a9-aa57-6827103af4d5}</UniqueIdentifier>
    </Filter>
    <Filter Include="App\BumpMappingDemo">
      <UniqueIdentifier>{381674c5-2e14-4795-9078-eb8d87dab8c5}</UniqueIdentifier>
    </Filter>
    <Filter Include="App\GlobalShaders\DirLightBumpMapping">
      <UniqueIdentifier>{1d6b0ab3-489d-476e-866e-28575dfab781}</UniqueIdentifier>
    </Filter>
    <Filter Include="App\FrameBufferDemo">
      <UniqueIdentifier>{09962a0a-6e3e-4893-8e03-728b8911600f}</UniqueIdentifier>
    </Filter>
    <Filter Include="App\PostProcessingDemo">
      <UniqueIdentifier>{d6a53567-d31e-41cc-b447-38ab31da66c3}</UniqueIdentifier>
    </Filter>
    <Filter Include="App\GlobalShaders\PostProcessEffect">
      <UniqueIdentifier>{10ae08a4-9229-4b24-8417-8cf655c4e2cc}</UniqueIdentifier>
    </Filter>
  </ItemGroup>
  <ItemGroup>
    <ClCompile Include="main.cpp">
      <Filter>App</Filter>
    </ClCompile>
    <ClCompile Include="Window.cpp">
      <Filter>GameEngine\WindowingSystem</Filter>
    </ClCompile>
    <ClCompile Include="GraphicsEngine.cpp">
      <Filter>GameEngine\GraphicsEngine</Filter>
    </ClCompile>
    <ClCompile Include="SwapChain.cpp">
      <Filter>GameEngine\GraphicsEngine\RenderSystem\SwapChain</Filter>
    </ClCompile>
    <ClCompile Include="DeviceContext.cpp">
      <Filter>GameEngine\GraphicsEngine\RenderSystem\DeviceContext</Filter>
    </ClCompile>
    <ClCompile Include="VertexBuffer.cpp">
      <Filter>GameEngine\GraphicsEngine\RenderSystem\VertexBuffer</Filter>
    </ClCompile>
    <ClCompile Include="VertexShader.cpp">
      <Filter>GameEngine\GraphicsEngine\RenderSystem\VertexShader</Filter>
    </ClCompile>
    <ClCompile Include="PixelShader.cpp">
      <Filter>GameEngine\GraphicsEngine\RenderSystem\PixelShader</Filter>
    </ClCompile>
    <ClCompile Include="ConstantBuffer.cpp">
      <Filter>GameEngine\GraphicsEngine\RenderSystem\ConstantBuffer</Filter>
    </ClCompile>
    <ClCompile Include="IndexBuffer.cpp">
      <Filter>GameEngine\GraphicsEngine\RenderSystem\IndexBuffer</Filter>
    </ClCompile>
    <ClCompile Include="InputSystem.cpp">
      <Filter>GameEngine\InputSystem</Filter>
    </ClCompile>
    <ClCompile Include="RenderSystem.cpp">
      <Filter>GameEngine\GraphicsEngine\RenderSystem</Filter>
    </ClCompile>
    <ClCompile Include="ResourceManager.cpp">
      <Filter>GameEngine\GraphicsEngine\ResourceManager</Filter>
    </ClCompile>
    <ClCompile Include="Resource.cpp">
      <Filter>GameEngine\GraphicsEngine\ResourceManager</Filter>
    </ClCompile>
    <ClCompile Include="TextureManager.cpp">
      <Filter>GameEngine\GraphicsEngine\ResourceManager\TextureManager</Filter>
    </ClCompile>
    <ClCompile Include="Texture.cpp">
      <Filter>GameEngine\GraphicsEngine\ResourceManager\TextureManager</Filter>
    </ClCompile>
    <ClCompile Include="MeshManager.cpp">
      <Filter>GameEngine\GraphicsEngine\ResourceManager\MeshManager</Filter>
    </ClCompile>
    <ClCompile Include="Mesh.cpp">
      <Filter>GameEngine\GraphicsEngine\ResourceManager\MeshManager</Filter>
    </ClCompile>
    <ClCompile Include="Material.cpp">
      <Filter>GameEngine\GraphicsEngine\Material</Filter>
    </ClCompile>
    <ClCompile Include="AppWindow.cpp">
      <Filter>App\OldDemo</Filter>
    </ClCompile>
    <ClCompile Include="SpaceShooterGame.cpp">
      <Filter>App\SpaceShooterGame</Filter>
    </ClCompile>
    <ClCompile Include="BumpMappingDemo.cpp">
      <Filter>App\BumpMappingDemo</Filter>
    </ClCompile>
    <ClCompile Include="FrameBufferDemo.cpp">
      <Filter>App\FrameBufferDemo</Filter>
    </ClCompile>
    <ClCompile Include="MiniGame.cpp">
      <Filter>App\FrameBufferDemo</Filter>
    </ClCompile>
    <ClCompile Include="PostProcessingDemo.cpp">
      <Filter>App\PostProcessingDemo</Filter>
    </ClCompile>
  </ItemGroup>
  <ItemGroup>
    <ClInclude Include="Window.h">
      <Filter>GameEngine\WindowingSystem</Filter>
    </ClInclude>
    <ClInclude Include="GraphicsEngine.h">
      <Filter>GameEngine\GraphicsEngine</Filter>
    </ClInclude>
    <ClInclude Include="SwapChain.h">
      <Filter>GameEngine\GraphicsEngine\RenderSystem\SwapChain</Filter>
    </ClInclude>
    <ClInclude Include="DeviceContext.h">
      <Filter>GameEngine\GraphicsEngine\RenderSystem\DeviceContext</Filter>
    </ClInclude>
    <ClInclude Include="VertexBuffer.h">
      <Filter>GameEngine\GraphicsEngine\RenderSystem\VertexBuffer</Filter>
    </ClInclude>
    <ClInclude Include="VertexShader.h">
      <Filter>GameEngine\GraphicsEngine\RenderSystem\VertexShader</Filter>
    </ClInclude>
    <ClInclude Include="PixelShader.h">
      <Filter>GameEngine\GraphicsEngine\RenderSystem\PixelShader</Filter>
    </ClInclude>
    <ClInclude Include="ConstantBuffer.h">
      <Filter>GameEngine\GraphicsEngine\RenderSystem\ConstantBuffer</Filter>
    </ClInclude>
    <ClInclude Include="Vector3D.h">
      <Filter>GameEngine\Math</Filter>
    </ClInclude>
    <ClInclude Include="Matrix4x4.h">
      <Filter>GameEngine\Math</Filter>
    </ClInclude>
    <ClInclude Include="IndexBuffer.h">
      <Filter>GameEngine\GraphicsEngine\RenderSystem\IndexBuffer</Filter>
    </ClInclude>
    <ClInclude Include="InputSystem.h">
      <Filter>GameEngine\InputSystem</Filter>
    </ClInclude>
    <ClInclude Include="InputListener.h">
      <Filter>GameEngine\InputSystem</Filter>
    </ClInclude>
    <ClInclude Include="Point.h">
      <Filter>GameEngine\Math</Filter>
    </ClInclude>
    <ClInclude Include="Vector4D.h">
      <Filter>GameEngine\Math</Filter>
    </ClInclude>
    <ClInclude Include="RenderSystem.h">
      <Filter>GameEngine\GraphicsEngine\RenderSystem</Filter>
    </ClInclude>
    <ClInclude Include="Prerequisites.h">
      <Filter>GameEngine\GraphicsEngine</Filter>
    </ClInclude>
    <ClInclude Include="ResourceManager.h">
      <Filter>GameEngine\GraphicsEngine\ResourceManager</Filter>
    </ClInclude>
    <ClInclude Include="Resource.h">
      <Filter>GameEngine\GraphicsEngine\ResourceManager</Filter>
    </ClInclude>
    <ClInclude Include="TextureManager.h">
      <Filter>GameEngine\GraphicsEngine\ResourceManager\TextureManager</Filter>
    </ClInclude>
    <ClInclude Include="Texture.h">
      <Filter>GameEngine\GraphicsEngine\ResourceManager\TextureManager</Filter>
    </ClInclude>
    <ClInclude Include="Vector2D.h">
      <Filter>GameEngine\Math</Filter>
    </ClInclude>
    <ClInclude Include="MeshManager.h">
      <Filter>GameEngine\GraphicsEngine\ResourceManager\MeshManager</Filter>
    </ClInclude>
    <ClInclude Include="Mesh.h">
      <Filter>GameEngine\GraphicsEngine\ResourceManager\MeshManager</Filter>
    </ClInclude>
    <ClInclude Include="VertexMesh.h">
      <Filter>GameEngine\Math</Filter>
    </ClInclude>
    <ClInclude Include="Material.h">
      <Filter>GameEngine\GraphicsEngine\Material</Filter>
    </ClInclude>
    <ClInclude Include="AppWindow.h">
      <Filter>App\OldDemo</Filter>
    </ClInclude>
    <ClInclude Include="SpaceShooterGame.h">
      <Filter>App\SpaceShooterGame</Filter>
    </ClInclude>
    <ClInclude Include="MathUtils.h">
      <Filter>GameEngine\Math</Filter>
    </ClInclude>
    <ClInclude Include="BumpMappingDemo.h">
      <Filter>App\BumpMappingDemo</Filter>
    </ClInclude>
    <ClInclude Include="FrameBufferDemo.h">
      <Filter>App\FrameBufferDemo</Filter>
    </ClInclude>
    <ClInclude Include="Rect.h">
      <Filter>GameEngine\Math</Filter>
    </ClInclude>
    <ClInclude Include="MiniGame.h">
      <Filter>App\FrameBufferDemo</Filter>
    </ClInclude>
    <ClInclude Include="PostProcessingDemo.h">
      <Filter>App\PostProcessingDemo</Filter>
    </ClInclude>
  </ItemGroup>
  <ItemGroup>
    <FxCompile Include="PixelShader.hlsl">
      <Filter>App\OldDemo\Shaders\EarthShader</Filter>
    </FxCompile>
    <FxCompile Include="VertexShader.hlsl">
      <Filter>App\OldDemo\Shaders\EarthShader</Filter>
    </FxCompile>
    <FxCompile Include="PointLightVertexShader.hlsl">
      <Filter>App\GlobalShaders\PointLight</Filter>
    </FxCompile>
    <FxCompile Include="PointLightPixelShader.hlsl">
      <Filter>App\GlobalShaders\PointLight</Filter>
    </FxCompile>
    <FxCompile Include="DirectionalLightVertexShader.hlsl">
      <Filter>App\GlobalShaders\DirectionalLight</Filter>
    </FxCompile>
    <FxCompile Include="DirectionalLightPixelShader.hlsl">
      <Filter>App\GlobalShaders\DirectionalLight</Filter>
    </FxCompile>
    <FxCompile Include="SkyboxPixelShader.hlsl">
      <Filter>App\GlobalShaders\SkyBox</Filter>
    </FxCompile>
    <FxCompile Include="SkyboxVertexShader.hlsl">
      <Filter>App\GlobalShaders\SkyBox</Filter>
    </FxCompile>
    <FxCompile Include="VertexMeshLayoutShader.hlsl">
      <Filter>App\GlobalShaders</Filter>
    </FxCompile>
    <FxCompile Include="DirLightBumpVS.hlsl">
      <Filter>App\GlobalShaders\DirLightBumpMapping</Filter>
    </FxCompile>
    <FxCompile Include="DirLightBumpPS.hlsl">
      <Filter>App\GlobalShaders\DirLightBumpMapping</Filter>
    </FxCompile>
    <FxCompile Include="PostProcessVS.hlsl">
      <Filter>App\GlobalShaders\PostProcessEffect</Filter>
    </FxCompile>
    <FxCompile Include="DistortionEffect.hlsl">
      <Filter>App\GlobalShaders\PostProcessEffect</Filter>
    </FxCompile>
  </ItemGroup>
</Project>